// !$*UTF8*$!
{
	archiveVersion = 1;
	classes = {
	};
	objectVersion = 50;
	objects = {

/* Begin PBXBuildFile section */
		D01E1D1C21504CB1007DF4A2 /* AppDelegate.swift in Sources */ = {isa = PBXBuildFile; fileRef = D01E1D1B21504CB1007DF4A2 /* AppDelegate.swift */; };
		D01E1D1E21504CB1007DF4A2 /* ViewController.swift in Sources */ = {isa = PBXBuildFile; fileRef = D01E1D1D21504CB1007DF4A2 /* ViewController.swift */; };
		D01E1D2121504CB1007DF4A2 /* Main.storyboard in Resources */ = {isa = PBXBuildFile; fileRef = D01E1D1F21504CB1007DF4A2 /* Main.storyboard */; };
		D01E1D2321504CB3007DF4A2 /* Assets.xcassets in Resources */ = {isa = PBXBuildFile; fileRef = D01E1D2221504CB3007DF4A2 /* Assets.xcassets */; };
		D01E1D2621504CB3007DF4A2 /* LaunchScreen.storyboard in Resources */ = {isa = PBXBuildFile; fileRef = D01E1D2421504CB3007DF4A2 /* LaunchScreen.storyboard */; };
		D01E1D3121504CB3007DF4A2 /* HomepwnerTests.swift in Sources */ = {isa = PBXBuildFile; fileRef = D01E1D3021504CB3007DF4A2 /* HomepwnerTests.swift */; };
		D01E1D3C21504CB3007DF4A2 /* HomepwnerUITests.swift in Sources */ = {isa = PBXBuildFile; fileRef = D01E1D3B21504CB3007DF4A2 /* HomepwnerUITests.swift */; };
		D01E1D4A21504E85007DF4A2 /* ItemsViewController.swift in Sources */ = {isa = PBXBuildFile; fileRef = D01E1D4921504E85007DF4A2 /* ItemsViewController.swift */; };
		D01E1D4C21505405007DF4A2 /* Item.swift in Sources */ = {isa = PBXBuildFile; fileRef = D01E1D4B21505405007DF4A2 /* Item.swift */; };
		D09A3C422150AD82008F43EF /* ItemStore.swift in Sources */ = {isa = PBXBuildFile; fileRef = D09A3C412150AD82008F43EF /* ItemStore.swift */; };
/* End PBXBuildFile section */

/* Begin PBXContainerItemProxy section */
		D01E1D2D21504CB3007DF4A2 /* PBXContainerItemProxy */ = {
			isa = PBXContainerItemProxy;
			containerPortal = D01E1D1021504CB1007DF4A2 /* Project object */;
			proxyType = 1;
			remoteGlobalIDString = D01E1D1721504CB1007DF4A2;
			remoteInfo = Homepwner;
		};
		D01E1D3821504CB3007DF4A2 /* PBXContainerItemProxy */ = {
			isa = PBXContainerItemProxy;
			containerPortal = D01E1D1021504CB1007DF4A2 /* Project object */;
			proxyType = 1;
			remoteGlobalIDString = D01E1D1721504CB1007DF4A2;
			remoteInfo = Homepwner;
		};
/* End PBXContainerItemProxy section */

/* Begin PBXFileReference section */
		D01E1D1821504CB1007DF4A2 /* Homepwner.app */ = {isa = PBXFileReference; explicitFileType = wrapper.application; includeInIndex = 0; path = Homepwner.app; sourceTree = BUILT_PRODUCTS_DIR; };
		D01E1D1B21504CB1007DF4A2 /* AppDelegate.swift */ = {isa = PBXFileReference; lastKnownFileType = sourcecode.swift; path = AppDelegate.swift; sourceTree = "<group>"; };
		D01E1D1D21504CB1007DF4A2 /* ViewController.swift */ = {isa = PBXFileReference; lastKnownFileType = sourcecode.swift; path = ViewController.swift; sourceTree = "<group>"; };
		D01E1D2021504CB1007DF4A2 /* Base */ = {isa = PBXFileReference; lastKnownFileType = file.storyboard; name = Base; path = Base.lproj/Main.storyboard; sourceTree = "<group>"; };
		D01E1D2221504CB3007DF4A2 /* Assets.xcassets */ = {isa = PBXFileReference; lastKnownFileType = folder.assetcatalog; path = Assets.xcassets; sourceTree = "<group>"; };
		D01E1D2521504CB3007DF4A2 /* Base */ = {isa = PBXFileReference; lastKnownFileType = file.storyboard; name = Base; path = Base.lproj/LaunchScreen.storyboard; sourceTree = "<group>"; };
		D01E1D2721504CB3007DF4A2 /* Info.plist */ = {isa = PBXFileReference; lastKnownFileType = text.plist.xml; path = Info.plist; sourceTree = "<group>"; };
		D01E1D2C21504CB3007DF4A2 /* HomepwnerTests.xctest */ = {isa = PBXFileReference; explicitFileType = wrapper.cfbundle; includeInIndex = 0; path = HomepwnerTests.xctest; sourceTree = BUILT_PRODUCTS_DIR; };
		D01E1D3021504CB3007DF4A2 /* HomepwnerTests.swift */ = {isa = PBXFileReference; lastKnownFileType = sourcecode.swift; path = HomepwnerTests.swift; sourceTree = "<group>"; };
		D01E1D3221504CB3007DF4A2 /* Info.plist */ = {isa = PBXFileReference; lastKnownFileType = text.plist.xml; path = Info.plist; sourceTree = "<group>"; };
		D01E1D3721504CB3007DF4A2 /* HomepwnerUITests.xctest */ = {isa = PBXFileReference; explicitFileType = wrapper.cfbundle; includeInIndex = 0; path = HomepwnerUITests.xctest; sourceTree = BUILT_PRODUCTS_DIR; };
		D01E1D3B21504CB3007DF4A2 /* HomepwnerUITests.swift */ = {isa = PBXFileReference; lastKnownFileType = sourcecode.swift; path = HomepwnerUITests.swift; sourceTree = "<group>"; };
		D01E1D3D21504CB3007DF4A2 /* Info.plist */ = {isa = PBXFileReference; lastKnownFileType = text.plist.xml; path = Info.plist; sourceTree = "<group>"; };
		D01E1D4921504E85007DF4A2 /* ItemsViewController.swift */ = {isa = PBXFileReference; lastKnownFileType = sourcecode.swift; path = ItemsViewController.swift; sourceTree = "<group>"; };
		D01E1D4B21505405007DF4A2 /* Item.swift */ = {isa = PBXFileReference; lastKnownFileType = sourcecode.swift; path = Item.swift; sourceTree = "<group>"; };
		D09A3C412150AD82008F43EF /* ItemStore.swift */ = {isa = PBXFileReference; lastKnownFileType = sourcecode.swift; path = ItemStore.swift; sourceTree = "<group>"; };
/* End PBXFileReference section */

/* Begin PBXFrameworksBuildPhase section */
		D01E1D1521504CB1007DF4A2 /* Frameworks */ = {
			isa = PBXFrameworksBuildPhase;
			buildActionMask = 2147483647;
			files = (
			);
			runOnlyForDeploymentPostprocessing = 0;
		};
		D01E1D2921504CB3007DF4A2 /* Frameworks */ = {
			isa = PBXFrameworksBuildPhase;
			buildActionMask = 2147483647;
			files = (
			);
			runOnlyForDeploymentPostprocessing = 0;
		};
		D01E1D3421504CB3007DF4A2 /* Frameworks */ = {
			isa = PBXFrameworksBuildPhase;
			buildActionMask = 2147483647;
			files = (
			);
			runOnlyForDeploymentPostprocessing = 0;
		};
/* End PBXFrameworksBuildPhase section */

/* Begin PBXGroup section */
		D01E1D0F21504CB1007DF4A2 = {
			isa = PBXGroup;
			children = (
				D01E1D1A21504CB1007DF4A2 /* Homepwner */,
				D01E1D2F21504CB3007DF4A2 /* HomepwnerTests */,
				D01E1D3A21504CB3007DF4A2 /* HomepwnerUITests */,
				D01E1D1921504CB1007DF4A2 /* Products */,
			);
			sourceTree = "<group>";
		};
		D01E1D1921504CB1007DF4A2 /* Products */ = {
			isa = PBXGroup;
			children = (
				D01E1D1821504CB1007DF4A2 /* Homepwner.app */,
				D01E1D2C21504CB3007DF4A2 /* HomepwnerTests.xctest */,
				D01E1D3721504CB3007DF4A2 /* HomepwnerUITests.xctest */,
			);
			name = Products;
			sourceTree = "<group>";
		};
		D01E1D1A21504CB1007DF4A2 /* Homepwner */ = {
			isa = PBXGroup;
			children = (
				D01E1D1B21504CB1007DF4A2 /* AppDelegate.swift */,
				D01E1D1D21504CB1007DF4A2 /* ViewController.swift */,
				D01E1D4921504E85007DF4A2 /* ItemsViewController.swift */,
				D09A3C412150AD82008F43EF /* ItemStore.swift */,
				D01E1D4B21505405007DF4A2 /* Item.swift */,
				D01E1D1F21504CB1007DF4A2 /* Main.storyboard */,
				D01E1D2221504CB3007DF4A2 /* Assets.xcassets */,
				D01E1D2421504CB3007DF4A2 /* LaunchScreen.storyboard */,
				D01E1D2721504CB3007DF4A2 /* Info.plist */,
			);
			path = Homepwner;
			sourceTree = "<group>";
		};
		D01E1D2F21504CB3007DF4A2 /* HomepwnerTests */ = {
			isa = PBXGroup;
			children = (
				D01E1D3021504CB3007DF4A2 /* HomepwnerTests.swift */,
				D01E1D3221504CB3007DF4A2 /* Info.plist */,
			);
			path = HomepwnerTests;
			sourceTree = "<group>";
		};
		D01E1D3A21504CB3007DF4A2 /* HomepwnerUITests */ = {
			isa = PBXGroup;
			children = (
				D01E1D3B21504CB3007DF4A2 /* HomepwnerUITests.swift */,
				D01E1D3D21504CB3007DF4A2 /* Info.plist */,
			);
			path = HomepwnerUITests;
			sourceTree = "<group>";
		};
/* End PBXGroup section */

/* Begin PBXNativeTarget section */
		D01E1D1721504CB1007DF4A2 /* Homepwner */ = {
			isa = PBXNativeTarget;
			buildConfigurationList = D01E1D4021504CB3007DF4A2 /* Build configuration list for PBXNativeTarget "Homepwner" */;
			buildPhases = (
				D01E1D1421504CB1007DF4A2 /* Sources */,
				D01E1D1521504CB1007DF4A2 /* Frameworks */,
				D01E1D1621504CB1007DF4A2 /* Resources */,
			);
			buildRules = (
			);
			dependencies = (
			);
			name = Homepwner;
			productName = Homepwner;
			productReference = D01E1D1821504CB1007DF4A2 /* Homepwner.app */;
			productType = "com.apple.product-type.application";
		};
		D01E1D2B21504CB3007DF4A2 /* HomepwnerTests */ = {
			isa = PBXNativeTarget;
			buildConfigurationList = D01E1D4321504CB3007DF4A2 /* Build configuration list for PBXNativeTarget "HomepwnerTests" */;
			buildPhases = (
				D01E1D2821504CB3007DF4A2 /* Sources */,
				D01E1D2921504CB3007DF4A2 /* Frameworks */,
				D01E1D2A21504CB3007DF4A2 /* Resources */,
			);
			buildRules = (
			);
			dependencies = (
				D01E1D2E21504CB3007DF4A2 /* PBXTargetDependency */,
			);
			name = HomepwnerTests;
			productName = HomepwnerTests;
			productReference = D01E1D2C21504CB3007DF4A2 /* HomepwnerTests.xctest */;
			productType = "com.apple.product-type.bundle.unit-test";
		};
		D01E1D3621504CB3007DF4A2 /* HomepwnerUITests */ = {
			isa = PBXNativeTarget;
			buildConfigurationList = D01E1D4621504CB3007DF4A2 /* Build configuration list for PBXNativeTarget "HomepwnerUITests" */;
			buildPhases = (
				D01E1D3321504CB3007DF4A2 /* Sources */,
				D01E1D3421504CB3007DF4A2 /* Frameworks */,
				D01E1D3521504CB3007DF4A2 /* Resources */,
			);
			buildRules = (
			);
			dependencies = (
				D01E1D3921504CB3007DF4A2 /* PBXTargetDependency */,
			);
			name = HomepwnerUITests;
			productName = HomepwnerUITests;
			productReference = D01E1D3721504CB3007DF4A2 /* HomepwnerUITests.xctest */;
			productType = "com.apple.product-type.bundle.ui-testing";
		};
/* End PBXNativeTarget section */

/* Begin PBXProject section */
		D01E1D1021504CB1007DF4A2 /* Project object */ = {
			isa = PBXProject;
			attributes = {
				LastSwiftUpdateCheck = 1000;
				LastUpgradeCheck = 1000;
				ORGANIZATIONNAME = Zer0;
				TargetAttributes = {
					D01E1D1721504CB1007DF4A2 = {
						CreatedOnToolsVersion = 10.0;
					};
					D01E1D2B21504CB3007DF4A2 = {
						CreatedOnToolsVersion = 10.0;
						TestTargetID = D01E1D1721504CB1007DF4A2;
					};
					D01E1D3621504CB3007DF4A2 = {
						CreatedOnToolsVersion = 10.0;
						TestTargetID = D01E1D1721504CB1007DF4A2;
					};
				};
			};
			buildConfigurationList = D01E1D1321504CB1007DF4A2 /* Build configuration list for PBXProject "Homepwner" */;
			compatibilityVersion = "Xcode 9.3";
			developmentRegion = en;
			hasScannedForEncodings = 0;
			knownRegions = (
				en,
				Base,
			);
			mainGroup = D01E1D0F21504CB1007DF4A2;
			productRefGroup = D01E1D1921504CB1007DF4A2 /* Products */;
			projectDirPath = "";
			projectRoot = "";
			targets = (
				D01E1D1721504CB1007DF4A2 /* Homepwner */,
				D01E1D2B21504CB3007DF4A2 /* HomepwnerTests */,
				D01E1D3621504CB3007DF4A2 /* HomepwnerUITests */,
			);
		};
/* End PBXProject section */

/* Begin PBXResourcesBuildPhase section */
		D01E1D1621504CB1007DF4A2 /* Resources */ = {
			isa = PBXResourcesBuildPhase;
			buildActionMask = 2147483647;
			files = (
				D01E1D2621504CB3007DF4A2 /* LaunchScreen.storyboard in Resources */,
				D01E1D2321504CB3007DF4A2 /* Assets.xcassets in Resources */,
				D01E1D2121504CB1007DF4A2 /* Main.storyboard in Resources */,
			);
			runOnlyForDeploymentPostprocessing = 0;
		};
		D01E1D2A21504CB3007DF4A2 /* Resources */ = {
			isa = PBXResourcesBuildPhase;
			buildActionMask = 2147483647;
			files = (
			);
			runOnlyForDeploymentPostprocessing = 0;
		};
		D01E1D3521504CB3007DF4A2 /* Resources */ = {
			isa = PBXResourcesBuildPhase;
			buildActionMask = 2147483647;
			files = (
			);
			runOnlyForDeploymentPostprocessing = 0;
		};
/* End PBXResourcesBuildPhase section */

/* Begin PBXSourcesBuildPhase section */
		D01E1D1421504CB1007DF4A2 /* Sources */ = {
			isa = PBXSourcesBuildPhase;
			buildActionMask = 2147483647;
			files = (
				D01E1D4C21505405007DF4A2 /* Item.swift in Sources */,
				D01E1D1E21504CB1007DF4A2 /* ViewController.swift in Sources */,
				D01E1D4A21504E85007DF4A2 /* ItemsViewController.swift in Sources */,
				D01E1D1C21504CB1007DF4A2 /* AppDelegate.swift in Sources */,
				D09A3C422150AD82008F43EF /* ItemStore.swift in Sources */,
			);
			runOnlyForDeploymentPostprocessing = 0;
		};
		D01E1D2821504CB3007DF4A2 /* Sources */ = {
			isa = PBXSourcesBuildPhase;
			buildActionMask = 2147483647;
			files = (
				D01E1D3121504CB3007DF4A2 /* HomepwnerTests.swift in Sources */,
			);
			runOnlyForDeploymentPostprocessing = 0;
		};
		D01E1D3321504CB3007DF4A2 /* Sources */ = {
			isa = PBXSourcesBuildPhase;
			buildActionMask = 2147483647;
			files = (
				D01E1D3C21504CB3007DF4A2 /* HomepwnerUITests.swift in Sources */,
			);
			runOnlyForDeploymentPostprocessing = 0;
		};
/* End PBXSourcesBuildPhase section */

/* Begin PBXTargetDependency section */
		D01E1D2E21504CB3007DF4A2 /* PBXTargetDependency */ = {
			isa = PBXTargetDependency;
			target = D01E1D1721504CB1007DF4A2 /* Homepwner */;
			targetProxy = D01E1D2D21504CB3007DF4A2 /* PBXContainerItemProxy */;
		};
		D01E1D3921504CB3007DF4A2 /* PBXTargetDependency */ = {
			isa = PBXTargetDependency;
			target = D01E1D1721504CB1007DF4A2 /* Homepwner */;
			targetProxy = D01E1D3821504CB3007DF4A2 /* PBXContainerItemProxy */;
		};
/* End PBXTargetDependency section */

/* Begin PBXVariantGroup section */
		D01E1D1F21504CB1007DF4A2 /* Main.storyboard */ = {
			isa = PBXVariantGroup;
			children = (
				D01E1D2021504CB1007DF4A2 /* Base */,
			);
			name = Main.storyboard;
			sourceTree = "<group>";
		};
		D01E1D2421504CB3007DF4A2 /* LaunchScreen.storyboard */ = {
			isa = PBXVariantGroup;
			children = (
				D01E1D2521504CB3007DF4A2 /* Base */,
			);
			name = LaunchScreen.storyboard;
			sourceTree = "<group>";
		};
/* End PBXVariantGroup section */

/* Begin XCBuildConfiguration section */
		D01E1D3E21504CB3007DF4A2 /* Debug */ = {
			isa = XCBuildConfiguration;
			buildSettings = {
				ALWAYS_SEARCH_USER_PATHS = NO;
				CLANG_ANALYZER_NONNULL = YES;
				CLANG_ANALYZER_NUMBER_OBJECT_CONVERSION = YES_AGGRESSIVE;
				CLANG_CXX_LANGUAGE_STANDARD = "gnu++14";
				CLANG_CXX_LIBRARY = "libc++";
				CLANG_ENABLE_MODULES = YES;
				CLANG_ENABLE_OBJC_ARC = YES;
				CLANG_ENABLE_OBJC_WEAK = YES;
				CLANG_WARN_BLOCK_CAPTURE_AUTORELEASING = YES;
				CLANG_WARN_BOOL_CONVERSION = YES;
				CLANG_WARN_COMMA = YES;
				CLANG_WARN_CONSTANT_CONVERSION = YES;
				CLANG_WARN_DEPRECATED_OBJC_IMPLEMENTATIONS = YES;
				CLANG_WARN_DIRECT_OBJC_ISA_USAGE = YES_ERROR;
				CLANG_WARN_DOCUMENTATION_COMMENTS = YES;
				CLANG_WARN_EMPTY_BODY = YES;
				CLANG_WARN_ENUM_CONVERSION = YES;
				CLANG_WARN_INFINITE_RECURSION = YES;
				CLANG_WARN_INT_CONVERSION = YES;
				CLANG_WARN_NON_LITERAL_NULL_CONVERSION = YES;
				CLANG_WARN_OBJC_IMPLICIT_RETAIN_SELF = YES;
				CLANG_WARN_OBJC_LITERAL_CONVERSION = YES;
				CLANG_WARN_OBJC_ROOT_CLASS = YES_ERROR;
				CLANG_WARN_RANGE_LOOP_ANALYSIS = YES;
				CLANG_WARN_STRICT_PROTOTYPES = YES;
				CLANG_WARN_SUSPICIOUS_MOVE = YES;
				CLANG_WARN_UNGUARDED_AVAILABILITY = YES_AGGRESSIVE;
				CLANG_WARN_UNREACHABLE_CODE = YES;
				CLANG_WARN__DUPLICATE_METHOD_MATCH = YES;
				CODE_SIGN_IDENTITY = "iPhone Developer";
				COPY_PHASE_STRIP = NO;
				DEBUG_INFORMATION_FORMAT = dwarf;
				ENABLE_STRICT_OBJC_MSGSEND = YES;
				ENABLE_TESTABILITY = YES;
				GCC_C_LANGUAGE_STANDARD = gnu11;
				GCC_DYNAMIC_NO_PIC = NO;
				GCC_NO_COMMON_BLOCKS = YES;
				GCC_OPTIMIZATION_LEVEL = 0;
				GCC_PREPROCESSOR_DEFINITIONS = (
					"DEBUG=1",
					"$(inherited)",
				);
				GCC_WARN_64_TO_32_BIT_CONVERSION = YES;
				GCC_WARN_ABOUT_RETURN_TYPE = YES_ERROR;
				GCC_WARN_UNDECLARED_SELECTOR = YES;
				GCC_WARN_UNINITIALIZED_AUTOS = YES_AGGRESSIVE;
				GCC_WARN_UNUSED_FUNCTION = YES;
				GCC_WARN_UNUSED_VARIABLE = YES;
				IPHONEOS_DEPLOYMENT_TARGET = 12.0;
				MTL_ENABLE_DEBUG_INFO = INCLUDE_SOURCE;
				MTL_FAST_MATH = YES;
				ONLY_ACTIVE_ARCH = YES;
				SDKROOT = iphoneos;
				SWIFT_ACTIVE_COMPILATION_CONDITIONS = DEBUG;
				SWIFT_OPTIMIZATION_LEVEL = "-Onone";
			};
			name = Debug;
		};
		D01E1D3F21504CB3007DF4A2 /* Release */ = {
			isa = XCBuildConfiguration;
			buildSettings = {
				ALWAYS_SEARCH_USER_PATHS = NO;
				CLANG_ANALYZER_NONNULL = YES;
				CLANG_ANALYZER_NUMBER_OBJECT_CONVERSION = YES_AGGRESSIVE;
				CLANG_CXX_LANGUAGE_STANDARD = "gnu++14";
				CLANG_CXX_LIBRARY = "libc++";
				CLANG_ENABLE_MODULES = YES;
				CLANG_ENABLE_OBJC_ARC = YES;
				CLANG_ENABLE_OBJC_WEAK = YES;
				CLANG_WARN_BLOCK_CAPTURE_AUTORELEASING = YES;
				CLANG_WARN_BOOL_CONVERSION = YES;
				CLANG_WARN_COMMA = YES;
				CLANG_WARN_CONSTANT_CONVERSION = YES;
				CLANG_WARN_DEPRECATED_OBJC_IMPLEMENTATIONS = YES;
				CLANG_WARN_DIRECT_OBJC_ISA_USAGE = YES_ERROR;
				CLANG_WARN_DOCUMENTATION_COMMENTS = YES;
				CLANG_WARN_EMPTY_BODY = YES;
				CLANG_WARN_ENUM_CONVERSION = YES;
				CLANG_WARN_INFINITE_RECURSION = YES;
				CLANG_WARN_INT_CONVERSION = YES;
				CLANG_WARN_NON_LITERAL_NULL_CONVERSION = YES;
				CLANG_WARN_OBJC_IMPLICIT_RETAIN_SELF = YES;
				CLANG_WARN_OBJC_LITERAL_CONVERSION = YES;
				CLANG_WARN_OBJC_ROOT_CLASS = YES_ERROR;
				CLANG_WARN_RANGE_LOOP_ANALYSIS = YES;
				CLANG_WARN_STRICT_PROTOTYPES = YES;
				CLANG_WARN_SUSPICIOUS_MOVE = YES;
				CLANG_WARN_UNGUARDED_AVAILABILITY = YES_AGGRESSIVE;
				CLANG_WARN_UNREACHABLE_CODE = YES;
				CLANG_WARN__DUPLICATE_METHOD_MATCH = YES;
				CODE_SIGN_IDENTITY = "iPhone Developer";
				COPY_PHASE_STRIP = NO;
				DEBUG_INFORMATION_FORMAT = "dwarf-with-dsym";
				ENABLE_NS_ASSERTIONS = NO;
				ENABLE_STRICT_OBJC_MSGSEND = YES;
				GCC_C_LANGUAGE_STANDARD = gnu11;
				GCC_NO_COMMON_BLOCKS = YES;
				GCC_WARN_64_TO_32_BIT_CONVERSION = YES;
				GCC_WARN_ABOUT_RETURN_TYPE = YES_ERROR;
				GCC_WARN_UNDECLARED_SELECTOR = YES;
				GCC_WARN_UNINITIALIZED_AUTOS = YES_AGGRESSIVE;
				GCC_WARN_UNUSED_FUNCTION = YES;
				GCC_WARN_UNUSED_VARIABLE = YES;
				IPHONEOS_DEPLOYMENT_TARGET = 12.0;
				MTL_ENABLE_DEBUG_INFO = NO;
				MTL_FAST_MATH = YES;
				SDKROOT = iphoneos;
				SWIFT_COMPILATION_MODE = wholemodule;
				SWIFT_OPTIMIZATION_LEVEL = "-O";
				VALIDATE_PRODUCT = YES;
			};
			name = Release;
		};
		D01E1D4121504CB3007DF4A2 /* Debug */ = {
			isa = XCBuildConfiguration;
			buildSettings = {
				ASSETCATALOG_COMPILER_APPICON_NAME = AppIcon;
				CODE_SIGN_STYLE = Automatic;
				INFOPLIST_FILE = Homepwner/Info.plist;
				LD_RUNPATH_SEARCH_PATHS = (
					"$(inherited)",
					"@executable_path/Frameworks",
				);
				PRODUCT_BUNDLE_IDENTIFIER = com.abel.Homepwner;
				PRODUCT_NAME = "$(TARGET_NAME)";
				SWIFT_VERSION = 4.2;
				TARGETED_DEVICE_FAMILY = "1,2";
			};
			name = Debug;
		};
		D01E1D4221504CB3007DF4A2 /* Release */ = {
			isa = XCBuildConfiguration;
			buildSettings = {
				ASSETCATALOG_COMPILER_APPICON_NAME = AppIcon;
				CODE_SIGN_STYLE = Automatic;
				INFOPLIST_FILE = Homepwner/Info.plist;
				LD_RUNPATH_SEARCH_PATHS = (
					"$(inherited)",
					"@executable_path/Frameworks",
				);
				PRODUCT_BUNDLE_IDENTIFIER = com.abel.Homepwner;
				PRODUCT_NAME = "$(TARGET_NAME)";
				SWIFT_VERSION = 4.2;
				TARGETED_DEVICE_FAMILY = "1,2";
			};
			name = Release;
		};
		D01E1D4421504CB3007DF4A2 /* Debug */ = {
			isa = XCBuildConfiguration;
			buildSettings = {
				ALWAYS_EMBED_SWIFT_STANDARD_LIBRARIES = YES;
				BUNDLE_LOADER = "$(TEST_HOST)";
				CODE_SIGN_STYLE = Automatic;
				INFOPLIST_FILE = HomepwnerTests/Info.plist;
				LD_RUNPATH_SEARCH_PATHS = (
					"$(inherited)",
					"@executable_path/Frameworks",
					"@loader_path/Frameworks",
				);
				PRODUCT_BUNDLE_IDENTIFIER = com.abel.HomepwnerTests;
				PRODUCT_NAME = "$(TARGET_NAME)";
				SWIFT_VERSION = 4.2;
				TARGETED_DEVICE_FAMILY = "1,2";
				TEST_HOST = "$(BUILT_PRODUCTS_DIR)/Homepwner.app/Homepwner";
			};
			name = Debug;
		};
		D01E1D4521504CB3007DF4A2 /* Release */ = {
			isa = XCBuildConfiguration;
			buildSettings = {
				ALWAYS_EMBED_SWIFT_STANDARD_LIBRARIES = YES;
				BUNDLE_LOADER = "$(TEST_HOST)";
				CODE_SIGN_STYLE = Automatic;
				INFOPLIST_FILE = HomepwnerTests/Info.plist;
				LD_RUNPATH_SEARCH_PATHS = (
					"$(inherited)",
					"@executable_path/Frameworks",
					"@loader_path/Frameworks",
				);
				PRODUCT_BUNDLE_IDENTIFIER = com.abel.HomepwnerTests;
				PRODUCT_NAME = "$(TARGET_NAME)";
				SWIFT_VERSION = 4.2;
				TARGETED_DEVICE_FAMILY = "1,2";
				TEST_HOST = "$(BUILT_PRODUCTS_DIR)/Homepwner.app/Homepwner";
			};
			name = Release;
		};
		D01E1D4721504CB3007DF4A2 /* Debug */ = {
			isa = XCBuildConfiguration;
			buildSettings = {
				ALWAYS_EMBED_SWIFT_STANDARD_LIBRARIES = YES;
				CODE_SIGN_STYLE = Automatic;
				INFOPLIST_FILE = HomepwnerUITests/Info.plist;
				LD_RUNPATH_SEARCH_PATHS = (
					"$(inherited)",
					"@executable_path/Frameworks",
					"@loader_path/Frameworks",
				);
				PRODUCT_BUNDLE_IDENTIFIER = com.abel.HomepwnerUITests;
				PRODUCT_NAME = "$(TARGET_NAME)";
				SWIFT_VERSION = 4.2;
				TARGETED_DEVICE_FAMILY = "1,2";
				TEST_TARGET_NAME = Homepwner;
			};
			name = Debug;
		};
		D01E1D4821504CB3007DF4A2 /* Release */ = {
			isa = XCBuildConfiguration;
			buildSettings = {
				ALWAYS_EMBED_SWIFT_STANDARD_LIBRARIES = YES;
				CODE_SIGN_STYLE = Automatic;
				INFOPLIST_FILE = HomepwnerUITests/Info.plist;
				LD_RUNPATH_SEARCH_PATHS = (
					"$(inherited)",
					"@executable_path/Frameworks",
					"@loader_path/Frameworks",
				);
				PRODUCT_BUNDLE_IDENTIFIER = com.abel.HomepwnerUITests;
				PRODUCT_NAME = "$(TARGET_NAME)";
				SWIFT_VERSION = 4.2;
				TARGETED_DEVICE_FAMILY = "1,2";
				TEST_TARGET_NAME = Homepwner;
			};
			name = Release;
		};
/* End XCBuildConfiguration section */

/* Begin XCConfigurationList section */
		D01E1D1321504CB1007DF4A2 /* Build configuration list for PBXProject "Homepwner" */ = {
			isa = XCConfigurationList;
			buildConfigurations = (
				D01E1D3E21504CB3007DF4A2 /* Debug */,
				D01E1D3F21504CB3007DF4A2 /* Release */,
			);
			defaultConfigurationIsVisible = 0;
			defaultConfigurationName = Release;
		};
		D01E1D4021504CB3007DF4A2 /* Build configuration list for PBXNativeTarget "Homepwner" */ = {
			isa = XCConfigurationList;
			buildConfigurations = (
				D01E1D4121504CB3007DF4A2 /* Debug */,
				D01E1D4221504CB3007DF4A2 /* Release */,
			);
			defaultConfigurationIsVisible = 0;
			defaultConfigurationName = Release;
		};
		D01E1D4321504CB3007DF4A2 /* Build configuration list for PBXNativeTarget "HomepwnerTests" */ = {
			isa = XCConfigurationList;
			buildConfigurations = (
				D01E1D4421504CB3007DF4A2 /* Debug */,
				D01E1D4521504CB3007DF4A2 /* Release */,
			);
			defaultConfigurationIsVisible = 0;
			defaultConfigurationName = Release;
		};
		D01E1D4621504CB3007DF4A2 /* Build configuration list for PBXNativeTarget "HomepwnerUITests" */ = {
			isa = XCConfigurationList;
			buildConfigurations = (
				D01E1D4721504CB3007DF4A2 /* Debug */,
				D01E1D4821504CB3007DF4A2 /* Release */,
			);
			defaultConfigurationIsVisible = 0;
			defaultConfigurationName = Release;
		};
/* End XCConfigurationList section */
	};
	rootObject = D01E1D1021504CB1007DF4A2 /* Project object */;
}
